
Microsoft Visual Studio Solution File, Format Version 12.00
# Visual Studio Version 17
VisualStudioVersion = 17.8.34309.116
MinimumVisualStudioVersion = 10.0.40219.1
Project("{2150E333-8FDC-42A3-9474-1A3956D46DE8}") = "src", "src", "{77FAC932-8FC8-43BA-830B-A7110424E1BF}"
EndProject
Project("{2150E333-8FDC-42A3-9474-1A3956D46DE8}") = "test", "test", "{192DF0E1-F526-467B-B910-0E94D85258F2}"
EndProject
Project("{2150E333-8FDC-42A3-9474-1A3956D46DE8}") = "API", "API", "{357EE32C-A34E-432A-AE40-40B80EB3F096}"
EndProject
Project("{2150E333-8FDC-42A3-9474-1A3956D46DE8}") = "Core", "Core", "{E02DA1D6-3A25-428B-BCC4-292085B687C8}"
EndProject
Project("{2150E333-8FDC-42A3-9474-1A3956D46DE8}") = "Infrastructure", "Infrastructure", "{96B338CF-2C5C-4A53-82FD-EB8FF5E2651B}"
EndProject
Project("{2150E333-8FDC-42A3-9474-1A3956D46DE8}") = "UI", "UI", "{4DDBD94E-AF16-4E8D-AB0E-7F74EF7A2CC2}"
EndProject
Project("{9A19103F-16F7-4668-BE54-9A1E7A4F7556}") = "HR.LeaveManagement.Domain", "HR.LeaveManagement.Domain\HR.LeaveManagement.Domain.csproj", "{891298F9-E2F9-4A79-A60D-D11D964EFCB7}"
EndProject
Project("{9A19103F-16F7-4668-BE54-9A1E7A4F7556}") = "HR.LeaveManagement.Application", "HR.LeaveManagement.Application\HR.LeaveManagement.Application.csproj", "{23657F54-C3F7-4211-AD32-B330776F5251}"
EndProject
Project("{9A19103F-16F7-4668-BE54-9A1E7A4F7556}") = "HR.LeaveManagement.Persistance", "HR.LeaveManagement.Persistance\HR.LeaveManagement.Persistance.csproj", "{1CD51329-E3A7-4529-9113-6B6B309AA518}"
EndProject
Project("{9A19103F-16F7-4668-BE54-9A1E7A4F7556}") = "HR.LeaveManagement.Infrastructure", "HR.LeaveManagement.Infrastructure\HR.LeaveManagement.Infrastructure.csproj", "{B40F7D9E-962C-49D1-A4AB-B0AE2EFC53E8}"
EndProject
Project("{9A19103F-16F7-4668-BE54-9A1E7A4F7556}") = "HR.LeaveManagement.Api", "HR.LeaveManagement.Api\HR.LeaveManagement.Api.csproj", "{424E21F2-BAC7-43FA-8E0A-30D8D18A8FFC}"
EndProject
Project("{FAE04EC0-301F-11D3-BF4B-00C04F79EFBC}") = "HR.LeaveManagement.Application.UnitTests", "HR.LeaveManagement.Application.UnitTests\HR.LeaveManagement.Application.UnitTests.csproj", "{AC7EA3E8-C63F-4565-8DEE-FED84CC025B3}"
EndProject
Project("{FAE04EC0-301F-11D3-BF4B-00C04F79EFBC}") = "HR.LeaveManagement.Persistance.IntegrationTests", "HR.LeaveManagement.Persistance.IntegrationTests\HR.LeaveManagement.Persistance.IntegrationTests.csproj", "{566FDD7A-88A0-4B74-B026-478109BB53BD}"
EndProject
Global
	GlobalSection(SolutionConfigurationPlatforms) = preSolution
		Debug|Any CPU = Debug|Any CPU
		Release|Any CPU = Release|Any CPU
	EndGlobalSection
	GlobalSection(ProjectConfigurationPlatforms) = postSolution
		{891298F9-E2F9-4A79-A60D-D11D964EFCB7}.Debug|Any CPU.ActiveCfg = Debug|Any CPU
		{891298F9-E2F9-4A79-A60D-D11D964EFCB7}.Debug|Any CPU.Build.0 = Debug|Any CPU
		{891298F9-E2F9-4A79-A60D-D11D964EFCB7}.Release|Any CPU.ActiveCfg = Release|Any CPU
		{891298F9-E2F9-4A79-A60D-D11D964EFCB7}.Release|Any CPU.Build.0 = Release|Any CPU
		{23657F54-C3F7-4211-AD32-B330776F5251}.Debug|Any CPU.ActiveCfg = Debug|Any CPU
		{23657F54-C3F7-4211-AD32-B330776F5251}.Debug|Any CPU.Build.0 = Debug|Any CPU
		{23657F54-C3F7-4211-AD32-B330776F5251}.Release|Any CPU.ActiveCfg = Release|Any CPU
		{23657F54-C3F7-4211-AD32-B330776F5251}.Release|Any CPU.Build.0 = Release|Any CPU
		{1CD51329-E3A7-4529-9113-6B6B309AA518}.Debug|Any CPU.ActiveCfg = Debug|Any CPU
		{1CD51329-E3A7-4529-9113-6B6B309AA518}.Debug|Any CPU.Build.0 = Debug|Any CPU
		{1CD51329-E3A7-4529-9113-6B6B309AA518}.Release|Any CPU.ActiveCfg = Release|Any CPU
		{1CD51329-E3A7-4529-9113-6B6B309AA518}.Release|Any CPU.Build.0 = Release|Any CPU
		{B40F7D9E-962C-49D1-A4AB-B0AE2EFC53E8}.Debug|Any CPU.ActiveCfg = Debug|Any CPU
		{B40F7D9E-962C-49D1-A4AB-B0AE2EFC53E8}.Debug|Any CPU.Build.0 = Debug|Any CPU
		{B40F7D9E-962C-49D1-A4AB-B0AE2EFC53E8}.Release|Any CPU.ActiveCfg = Release|Any CPU
		{B40F7D9E-962C-49D1-A4AB-B0AE2EFC53E8}.Release|Any CPU.Build.0 = Release|Any CPU
		{424E21F2-BAC7-43FA-8E0A-30D8D18A8FFC}.Debug|Any CPU.ActiveCfg = Debug|Any CPU
		{424E21F2-BAC7-43FA-8E0A-30D8D18A8FFC}.Debug|Any CPU.Build.0 = Debug|Any CPU
		{424E21F2-BAC7-43FA-8E0A-30D8D18A8FFC}.Release|Any CPU.ActiveCfg = Release|Any CPU
		{424E21F2-BAC7-43FA-8E0A-30D8D18A8FFC}.Release|Any CPU.Build.0 = Release|Any CPU
		{AC7EA3E8-C63F-4565-8DEE-FED84CC025B3}.Debug|Any CPU.ActiveCfg = Debug|Any CPU
		{AC7EA3E8-C63F-4565-8DEE-FED84CC025B3}.Debug|Any CPU.Build.0 = Debug|Any CPU
		{AC7EA3E8-C63F-4565-8DEE-FED84CC025B3}.Release|Any CPU.ActiveCfg = Release|Any CPU
		{AC7EA3E8-C63F-4565-8DEE-FED84CC025B3}.Release|Any CPU.Build.0 = Release|Any CPU
		{566FDD7A-88A0-4B74-B026-478109BB53BD}.Debug|Any CPU.ActiveCfg = Debug|Any CPU
		{566FDD7A-88A0-4B74-B026-478109BB53BD}.Debug|Any CPU.Build.0 = Debug|Any CPU
		{566FDD7A-88A0-4B74-B026-478109BB53BD}.Release|Any CPU.ActiveCfg = Release|Any CPU
		{566FDD7A-88A0-4B74-B026-478109BB53BD}.Release|Any CPU.Build.0 = Release|Any CPU
	EndGlobalSection
	GlobalSection(SolutionProperties) = preSolution
		HideSolutionNode = FALSE
	EndGlobalSection
	GlobalSection(NestedProjects) = preSolution
		{357EE32C-A34E-432A-AE40-40B80EB3F096} = {77FAC932-8FC8-43BA-830B-A7110424E1BF}
		{E02DA1D6-3A25-428B-BCC4-292085B687C8} = {77FAC932-8FC8-43BA-830B-A7110424E1BF}
		{96B338CF-2C5C-4A53-82FD-EB8FF5E2651B} = {77FAC932-8FC8-43BA-830B-A7110424E1BF}
		{4DDBD94E-AF16-4E8D-AB0E-7F74EF7A2CC2} = {77FAC932-8FC8-43BA-830B-A7110424E1BF}
		{891298F9-E2F9-4A79-A60D-D11D964EFCB7} = {E02DA1D6-3A25-428B-BCC4-292085B687C8}
		{23657F54-C3F7-4211-AD32-B330776F5251} = {E02DA1D6-3A25-428B-BCC4-292085B687C8}
		{1CD51329-E3A7-4529-9113-6B6B309AA518} = {96B338CF-2C5C-4A53-82FD-EB8FF5E2651B}
		{B40F7D9E-962C-49D1-A4AB-B0AE2EFC53E8} = {96B338CF-2C5C-4A53-82FD-EB8FF5E2651B}
		{424E21F2-BAC7-43FA-8E0A-30D8D18A8FFC} = {357EE32C-A34E-432A-AE40-40B80EB3F096}
		{AC7EA3E8-C63F-4565-8DEE-FED84CC025B3} = {192DF0E1-F526-467B-B910-0E94D85258F2}
		{566FDD7A-88A0-4B74-B026-478109BB53BD} = {192DF0E1-F526-467B-B910-0E94D85258F2}
	EndGlobalSection
	GlobalSection(ExtensibilityGlobals) = postSolution
		SolutionGuid = {5D75E5D9-BBA5-4092-B4E0-A548829B16F3}
	EndGlobalSection
EndGlobal
